
Microsoft Visual Studio Solution File, Format Version 12.00
# Visual Studio 14
VisualStudioVersion = 14.0.25123.0
MinimumVisualStudioVersion = 10.0.40219.1
Project("{FAE04EC0-301F-11D3-BF4B-00C04F79EFBC}") = "Bengala", "Bengala\Bengala.csproj", "{678D4DFA-D8C8-468D-86A4-6CBE33C3C485}"
EndProject
Project("{FAE04EC0-301F-11D3-BF4B-00C04F79EFBC}") = "Bengala.Tests", "Bengala.Tests\Bengala.Tests.csproj", "{156A82AC-B75D-403B-95BE-14D5A25C9225}"
EndProject
Global
	GlobalSection(SolutionConfigurationPlatforms) = preSolution
		Debug|Any CPU = Debug|Any CPU
		Release|Any CPU = Release|Any CPU
	EndGlobalSection
	GlobalSection(ProjectConfigurationPlatforms) = postSolution
		{678D4DFA-D8C8-468D-86A4-6CBE33C3C485}.Debug|Any CPU.ActiveCfg = Debug|Any CPU
		{678D4DFA-D8C8-468D-86A4-6CBE33C3C485}.Debug|Any CPU.Build.0 = Debug|Any CPU
		{678D4DFA-D8C8-468D-86A4-6CBE33C3C485}.Release|Any CPU.ActiveCfg = Release|Any CPU
		{678D4DFA-D8C8-468D-86A4-6CBE33C3C485}.Release|Any CPU.Build.0 = Release|Any CPU
		{156A82AC-B75D-403B-95BE-14D5A25C9225}.Debug|Any CPU.ActiveCfg = Debug|Any CPU
		{156A82AC-B75D-403B-95BE-14D5A25C9225}.Debug|Any CPU.Build.0 = Debug|Any CPU
		{156A82AC-B75D-403B-95BE-14D5A25C9225}.Release|Any CPU.ActiveCfg = Release|Any CPU
		{156A82AC-B75D-403B-95BE-14D5A25C9225}.Release|Any CPU.Build.0 = Release|Any CPU
	EndGlobalSection
	GlobalSection(SolutionProperties) = preSolution
		HideSolutionNode = FALSE
	EndGlobalSection
EndGlobal
